PODS:
  - Alamofire (5.4.1)
  - Kingfisher (6.2.1)
  - SearchTextField (1.2.4)
  - SwiftyJSON (4.3.0)

DEPENDENCIES:
  - Alamofire (~> 5.2)
  - Kingfisher (~> 6.0)
  - SearchTextField
  - SwiftyJSON (~> 4.0)

SPEC REPOS:
  trunk:
    - Alamofire
    - Kingfisher
    - SearchTextField
    - SwiftyJSON

SPEC CHECKSUMS:
  Alamofire: 2291f7d21ca607c491dd17642e5d40fdcda0e65c
  Kingfisher: e71c6fac2aebb1262888cabc2cb13d313362a48f
  SearchTextField: 40dc3cc57def5a211f263cac263622c163bbc25a
  SwiftyJSON: 6faa0040f8b59dead0ee07436cbf76b73c08fd08

PODFILE CHECKSUM: 941e2b0c79950fde8ed73102402a91ea8fb3ecba

COCOAPODS: 1.10.0
